
Microsoft Visual Studio Solution File, Format Version 12.00
# Visual Studio Version 16
VisualStudioVersion = 16.0.29424.173
MinimumVisualStudioVersion = 10.0.40219.1
Project("{8BC9CEB8-8B4A-11D0-8D11-00A0C91BC942}") = "BaekJoon2178", "BaekJoon2178\BaekJoon2178.vcxproj", "{370BACBF-776B-4F04-961D-C6E9BF742B0B}"
EndProject
Global
	GlobalSection(SolutionConfigurationPlatforms) = preSolution
		Debug|x64 = Debug|x64
		Debug|x86 = Debug|x86
		Release|x64 = Release|x64
		Release|x86 = Release|x86
	EndGlobalSection
	GlobalSection(ProjectConfigurationPlatforms) = postSolution
		{370BACBF-776B-4F04-961D-C6E9BF742B0B}.Debug|x64.ActiveCfg = Debug|x64
		{370BACBF-776B-4F04-961D-C6E9BF742B0B}.Debug|x64.Build.0 = Debug|x64
		{370BACBF-776B-4F04-961D-C6E9BF742B0B}.Debug|x86.ActiveCfg = Debug|Win32
		{370BACBF-776B-4F04-961D-C6E9BF742B0B}.Debug|x86.Build.0 = Debug|Win32
		{370BACBF-776B-4F04-961D-C6E9BF742B0B}.Release|x64.ActiveCfg = Release|x64
		{370BACBF-776B-4F04-961D-C6E9BF742B0B}.Release|x64.Build.0 = Release|x64
		{370BACBF-776B-4F04-961D-C6E9BF742B0B}.Release|x86.ActiveCfg = Release|Win32
		{370BACBF-776B-4F04-961D-C6E9BF742B0B}.Release|x86.Build.0 = Release|Win32
	EndGlobalSection
	GlobalSection(SolutionProperties) = preSolution
		HideSolutionNode = FALSE
	EndGlobalSection
	GlobalSection(ExtensibilityGlobals) = postSolution
		SolutionGuid = {07552103-93B7-47B1-9CE3-51FB7854998F}
	EndGlobalSection
EndGlobal
